// !$*UTF8*$!
{
	archiveVersion = 1;
	classes = {
	};
	objectVersion = 77;
	objects = {

/* Begin PBXContainerItemProxy section */
		268891EC2E2995A20060A32E /* PBXContainerItemProxy */ = {
			isa = PBXContainerItemProxy;
			containerPortal = 268891D52E2995A10060A32E /* Project object */;
			proxyType = 1;
			remoteGlobalIDString = 268891DC2E2995A10060A32E;
			remoteInfo = "Code Captain";
		};
		268891F62E2995A20060A32E /* PBXContainerItemProxy */ = {
			isa = PBXContainerItemProxy;
			containerPortal = 268891D52E2995A10060A32E /* Project object */;
			proxyType = 1;
			remoteGlobalIDString = 268891DC2E2995A10060A32E;
			remoteInfo = "Code Captain";
		};
/* End PBXContainerItemProxy section */

/* Begin PBXFileReference section */
		268891DD2E2995A10060A32E /* Code Captain.app */ = {isa = PBXFileReference; explicitFileType = wrapper.application; includeInIndex = 0; path = "Code Captain.app"; sourceTree = BUILT_PRODUCTS_DIR; };
		268891EB2E2995A20060A32E /* Code CaptainTests.xctest */ = {isa = PBXFileReference; explicitFileType = wrapper.cfbundle; includeInIndex = 0; path = "Code CaptainTests.xctest"; sourceTree = BUILT_PRODUCTS_DIR; };
		268891F52E2995A20060A32E /* Code CaptainUITests.xctest */ = {isa = PBXFileReference; explicitFileType = wrapper.cfbundle; includeInIndex = 0; path = "Code CaptainUITests.xctest"; sourceTree = BUILT_PRODUCTS_DIR; };
/* End PBXFileReference section */

/* Begin PBXFileSystemSynchronizedRootGroup section */
		268891DF2E2995A10060A32E /* Code Captain */ = {
			isa = PBXFileSystemSynchronizedRootGroup;
			path = "Code Captain";
			sourceTree = "<group>";
		};
		268891EE2E2995A20060A32E /* Code CaptainTests */ = {
			isa = PBXFileSystemSynchronizedRootGroup;
			path = "Code CaptainTests";
			sourceTree = "<group>";
		};
		268891F82E2995A20060A32E /* Code CaptainUITests */ = {
			isa = PBXFileSystemSynchronizedRootGroup;
			path = "Code CaptainUITests";
			sourceTree = "<group>";
		};
/* End PBXFileSystemSynchronizedRootGroup section */

/* Begin PBXFrameworksBuildPhase section */
		268891DA2E2995A10060A32E /* Frameworks */ = {
			isa = PBXFrameworksBuildPhase;
			buildActionMask = 2147483647;
			files = (
			);
			runOnlyForDeploymentPostprocessing = 0;
		};
		268891E82E2995A20060A32E /* Frameworks */ = {
			isa = PBXFrameworksBuildPhase;
			buildActionMask = 2147483647;
			files = (
			);
			runOnlyForDeploymentPostprocessing = 0;
		};
		268891F22E2995A20060A32E /* Frameworks */ = {
			isa = PBXFrameworksBuildPhase;
			buildActionMask = 2147483647;
			files = (
			);
			runOnlyForDeploymentPostprocessing = 0;
		};
/* End PBXFrameworksBuildPhase section */

/* Begin PBXGroup section */
		268891D42E2995A10060A32E = {
			isa = PBXGroup;
			children = (
				268891DF2E2995A10060A32E /* Code Captain */,
				268891EE2E2995A20060A32E /* Code CaptainTests */,
				268891F82E2995A20060A32E /* Code CaptainUITests */,
				268891DE2E2995A10060A32E /* Products */,
			);
			sourceTree = "<group>";
		};
		268891DE2E2995A10060A32E /* Products */ = {
			isa = PBXGroup;
			children = (
				268891DD2E2995A10060A32E /* Code Captain.app */,
				268891EB2E2995A20060A32E /* Code CaptainTests.xctest */,
				268891F52E2995A20060A32E /* Code CaptainUITests.xctest */,
			);
			name = Products;
			sourceTree = "<group>";
		};
/* End PBXGroup section */

/* Begin PBXNativeTarget section */
		268891DC2E2995A10060A32E /* Code Captain */ = {
			isa = PBXNativeTarget;
			buildConfigurationList = 268891FF2E2995A20060A32E /* Build configuration list for PBXNativeTarget "Code Captain" */;
			buildPhases = (
				268891D92E2995A10060A32E /* Sources */,
				268891DA2E2995A10060A32E /* Frameworks */,
				268891DB2E2995A10060A32E /* Resources */,
			);
			buildRules = (
			);
			dependencies = (
			);
			fileSystemSynchronizedGroups = (
				268891DF2E2995A10060A32E /* Code Captain */,
			);
			name = "Code Captain";
			packageProductDependencies = (
			);
			productName = "Code Captain";
			productReference = 268891DD2E2995A10060A32E /* Code Captain.app */;
			productType = "com.apple.product-type.application";
		};
		268891EA2E2995A20060A32E /* Code CaptainTests */ = {
			isa = PBXNativeTarget;
			buildConfigurationList = 268892022E2995A20060A32E /* Build configuration list for PBXNativeTarget "Code CaptainTests" */;
			buildPhases = (
				268891E72E2995A20060A32E /* Sources */,
				268891E82E2995A20060A32E /* Frameworks */,
				268891E92E2995A20060A32E /* Resources */,
			);
			buildRules = (
			);
			dependencies = (
				268891ED2E2995A20060A32E /* PBXTargetDependency */,
			);
			fileSystemSynchronizedGroups = (
				268891EE2E2995A20060A32E /* Code CaptainTests */,
			);
			name = "Code CaptainTests";
			packageProductDependencies = (
			);
			productName = "Code CaptainTests";
			productReference = 268891EB2E2995A20060A32E /* Code CaptainTests.xctest */;
			productType = "com.apple.product-type.bundle.unit-test";
		};
		268891F42E2995A20060A32E /* Code CaptainUITests */ = {
			isa = PBXNativeTarget;
			buildConfigurationList = 268892052E2995A20060A32E /* Build configuration list for PBXNativeTarget "Code CaptainUITests" */;
			buildPhases = (
				268891F12E2995A20060A32E /* Sources */,
				268891F22E2995A20060A32E /* Frameworks */,
				268891F32E2995A20060A32E /* Resources */,
			);
			buildRules = (
			);
			dependencies = (
				268891F72E2995A20060A32E /* PBXTargetDependency */,
			);
			fileSystemSynchronizedGroups = (
				268891F82E2995A20060A32E /* Code CaptainUITests */,
			);
			name = "Code CaptainUITests";
			packageProductDependencies = (
			);
			productName = "Code CaptainUITests";
			productReference = 268891F52E2995A20060A32E /* Code CaptainUITests.xctest */;
			productType = "com.apple.product-type.bundle.ui-testing";
		};
/* End PBXNativeTarget section */

/* Begin PBXProject section */
		268891D52E2995A10060A32E /* Project object */ = {
			isa = PBXProject;
			attributes = {
				BuildIndependentTargetsInParallel = 1;
				LastSwiftUpdateCheck = 1640;
				LastUpgradeCheck = 1640;
				TargetAttributes = {
					268891DC2E2995A10060A32E = {
						CreatedOnToolsVersion = 16.4;
					};
					268891EA2E2995A20060A32E = {
						CreatedOnToolsVersion = 16.4;
						TestTargetID = 268891DC2E2995A10060A32E;
					};
					268891F42E2995A20060A32E = {
						CreatedOnToolsVersion = 16.4;
						TestTargetID = 268891DC2E2995A10060A32E;
					};
				};
			};
			buildConfigurationList = 268891D82E2995A10060A32E /* Build configuration list for PBXProject "Code Captain" */;
			developmentRegion = en;
			hasScannedForEncodings = 0;
			knownRegions = (
				en,
				Base,
			);
			mainGroup = 268891D42E2995A10060A32E;
			minimizedProjectReferenceProxies = 1;
			preferredProjectObjectVersion = 77;
			productRefGroup = 268891DE2E2995A10060A32E /* Products */;
			projectDirPath = "";
			projectRoot = "";
			targets = (
				268891DC2E2995A10060A32E /* Code Captain */,
				268891EA2E2995A20060A32E /* Code CaptainTests */,
				268891F42E2995A20060A32E /* Code CaptainUITests */,
			);
		};
/* End PBXProject section */

/* Begin PBXResourcesBuildPhase section */
		268891DB2E2995A10060A32E /* Resources */ = {
			isa = PBXResourcesBuildPhase;
			buildActionMask = 2147483647;
			files = (
			);
			runOnlyForDeploymentPostprocessing = 0;
		};
		268891E92E2995A20060A32E /* Resources */ = {
			isa = PBXResourcesBuildPhase;
			buildActionMask = 2147483647;
			files = (
			);
			runOnlyForDeploymentPostprocessing = 0;
		};
		268891F32E2995A20060A32E /* Resources */ = {
			isa = PBXResourcesBuildPhase;
			buildActionMask = 2147483647;
			files = (
			);
			runOnlyForDeploymentPostprocessing = 0;
		};
/* End PBXResourcesBuildPhase section */

/* Begin PBXSourcesBuildPhase section */
		268891D92E2995A10060A32E /* Sources */ = {
			isa = PBXSourcesBuildPhase;
			buildActionMask = 2147483647;
			files = (
			);
			runOnlyForDeploymentPostprocessing = 0;
		};
		268891E72E2995A20060A32E /* Sources */ = {
			isa = PBXSourcesBuildPhase;
			buildActionMask = 2147483647;
			files = (
			);
			runOnlyForDeploymentPostprocessing = 0;
		};
		268891F12E2995A20060A32E /* Sources */ = {
			isa = PBXSourcesBuildPhase;
			buildActionMask = 2147483647;
			files = (
			);
			runOnlyForDeploymentPostprocessing = 0;
		};
/* End PBXSourcesBuildPhase section */

/* Begin PBXTargetDependency section */
		268891ED2E2995A20060A32E /* PBXTargetDependency */ = {
			isa = PBXTargetDependency;
			target = 268891DC2E2995A10060A32E /* Code Captain */;
			targetProxy = 268891EC2E2995A20060A32E /* PBXContainerItemProxy */;
		};
		268891F72E2995A20060A32E /* PBXTargetDependency */ = {
			isa = PBXTargetDependency;
			target = 268891DC2E2995A10060A32E /* Code Captain */;
			targetProxy = 268891F62E2995A20060A32E /* PBXContainerItemProxy */;
		};
/* End PBXTargetDependency section */

/* Begin XCBuildConfiguration section */
		268891FD2E2995A20060A32E /* Debug */ = {
			isa = XCBuildConfiguration;
			buildSettings = {
				ALWAYS_SEARCH_USER_PATHS = NO;
				ASSETCATALOG_COMPILER_GENERATE_SWIFT_ASSET_SYMBOL_EXTENSIONS = YES;
				CLANG_ANALYZER_NONNULL = YES;
				CLANG_ANALYZER_NUMBER_OBJECT_CONVERSION = YES_AGGRESSIVE;
				CLANG_CXX_LANGUAGE_STANDARD = "gnu++20";
				CLANG_ENABLE_MODULES = YES;
				CLANG_ENABLE_OBJC_ARC = YES;
				CLANG_ENABLE_OBJC_WEAK = YES;
				CLANG_WARN_BLOCK_CAPTURE_AUTORELEASING = YES;
				CLANG_WARN_BOOL_CONVERSION = YES;
				CLANG_WARN_COMMA = YES;
				CLANG_WARN_CONSTANT_CONVERSION = YES;
				CLANG_WARN_DEPRECATED_OBJC_IMPLEMENTATIONS = YES;
				CLANG_WARN_DIRECT_OBJC_ISA_USAGE = YES_ERROR;
				CLANG_WARN_DOCUMENTATION_COMMENTS = YES;
				CLANG_WARN_EMPTY_BODY = YES;
				CLANG_WARN_ENUM_CONVERSION = YES;
				CLANG_WARN_INFINITE_RECURSION = YES;
				CLANG_WARN_INT_CONVERSION = YES;
				CLANG_WARN_NON_LITERAL_NULL_CONVERSION = YES;
				CLANG_WARN_OBJC_IMPLICIT_RETAIN_SELF = YES;
				CLANG_WARN_OBJC_LITERAL_CONVERSION = YES;
				CLANG_WARN_OBJC_ROOT_CLASS = YES_ERROR;
				CLANG_WARN_QUOTED_INCLUDE_IN_FRAMEWORK_HEADER = YES;
				CLANG_WARN_RANGE_LOOP_ANALYSIS = YES;
				CLANG_WARN_STRICT_PROTOTYPES = YES;
				CLANG_WARN_SUSPICIOUS_MOVE = YES;
				CLANG_WARN_UNGUARDED_AVAILABILITY = YES_AGGRESSIVE;
				CLANG_WARN_UNREACHABLE_CODE = YES;
				CLANG_WARN__DUPLICATE_METHOD_MATCH = YES;
				COPY_PHASE_STRIP = NO;
				DEBUG_INFORMATION_FORMAT = dwarf;
				DEVELOPMENT_TEAM = 5DL44U5BHU;
				ENABLE_STRICT_OBJC_MSGSEND = YES;
				ENABLE_TESTABILITY = YES;
				ENABLE_USER_SCRIPT_SANDBOXING = YES;
				GCC_C_LANGUAGE_STANDARD = gnu17;
				GCC_DYNAMIC_NO_PIC = NO;
				GCC_NO_COMMON_BLOCKS = YES;
				GCC_OPTIMIZATION_LEVEL = 0;
				GCC_PREPROCESSOR_DEFINITIONS = (
					"DEBUG=1",
					"$(inherited)",
				);
				GCC_WARN_64_TO_32_BIT_CONVERSION = YES;
				GCC_WARN_ABOUT_RETURN_TYPE = YES_ERROR;
				GCC_WARN_UNDECLARED_SELECTOR = YES;
				GCC_WARN_UNINITIALIZED_AUTOS = YES_AGGRESSIVE;
				GCC_WARN_UNUSED_FUNCTION = YES;
				GCC_WARN_UNUSED_VARIABLE = YES;
				LOCALIZATION_PREFERS_STRING_CATALOGS = YES;
				MACOSX_DEPLOYMENT_TARGET = 15.5;
				MTL_ENABLE_DEBUG_INFO = INCLUDE_SOURCE;
				MTL_FAST_MATH = YES;
				ONLY_ACTIVE_ARCH = YES;
				SDKROOT = macosx;
				SWIFT_ACTIVE_COMPILATION_CONDITIONS = "DEBUG $(inherited)";
				SWIFT_OPTIMIZATION_LEVEL = "-Onone";
			};
			name = Debug;
		};
		268891FE2E2995A20060A32E /* Release */ = {
			isa = XCBuildConfiguration;
			buildSettings = {
				ALWAYS_SEARCH_USER_PATHS = NO;
				ASSETCATALOG_COMPILER_GENERATE_SWIFT_ASSET_SYMBOL_EXTENSIONS = YES;
				CLANG_ANALYZER_NONNULL = YES;
				CLANG_ANALYZER_NUMBER_OBJECT_CONVERSION = YES_AGGRESSIVE;
				CLANG_CXX_LANGUAGE_STANDARD = "gnu++20";
				CLANG_ENABLE_MODULES = YES;
				CLANG_ENABLE_OBJC_ARC = YES;
				CLANG_ENABLE_OBJC_WEAK = YES;
				CLANG_WARN_BLOCK_CAPTURE_AUTORELEASING = YES;
				CLANG_WARN_BOOL_CONVERSION = YES;
				CLANG_WARN_COMMA = YES;
				CLANG_WARN_CONSTANT_CONVERSION = YES;
				CLANG_WARN_DEPRECATED_OBJC_IMPLEMENTATIONS = YES;
				CLANG_WARN_DIRECT_OBJC_ISA_USAGE = YES_ERROR;
				CLANG_WARN_DOCUMENTATION_COMMENTS = YES;
				CLANG_WARN_EMPTY_BODY = YES;
				CLANG_WARN_ENUM_CONVERSION = YES;
				CLANG_WARN_INFINITE_RECURSION = YES;
				CLANG_WARN_INT_CONVERSION = YES;
				CLANG_WARN_NON_LITERAL_NULL_CONVERSION = YES;
				CLANG_WARN_OBJC_IMPLICIT_RETAIN_SELF = YES;
				CLANG_WARN_OBJC_LITERAL_CONVERSION = YES;
				CLANG_WARN_OBJC_ROOT_CLASS = YES_ERROR;
				CLANG_WARN_QUOTED_INCLUDE_IN_FRAMEWORK_HEADER = YES;
				CLANG_WARN_RANGE_LOOP_ANALYSIS = YES;
				CLANG_WARN_STRICT_PROTOTYPES = YES;
				CLANG_WARN_SUSPICIOUS_MOVE = YES;
				CLANG_WARN_UNGUARDED_AVAILABILITY = YES_AGGRESSIVE;
				CLANG_WARN_UNREACHABLE_CODE = YES;
				CLANG_WARN__DUPLICATE_METHOD_MATCH = YES;
				COPY_PHASE_STRIP = NO;
				DEBUG_INFORMATION_FORMAT = "dwarf-with-dsym";
				DEVELOPMENT_TEAM = 5DL44U5BHU;
				ENABLE_NS_ASSERTIONS = NO;
				ENABLE_STRICT_OBJC_MSGSEND = YES;
				ENABLE_USER_SCRIPT_SANDBOXING = YES;
				GCC_C_LANGUAGE_STANDARD = gnu17;
				GCC_NO_COMMON_BLOCKS = YES;
				GCC_WARN_64_TO_32_BIT_CONVERSION = YES;
				GCC_WARN_ABOUT_RETURN_TYPE = YES_ERROR;
				GCC_WARN_UNDECLARED_SELECTOR = YES;
				GCC_WARN_UNINITIALIZED_AUTOS = YES_AGGRESSIVE;
				GCC_WARN_UNUSED_FUNCTION = YES;
				GCC_WARN_UNUSED_VARIABLE = YES;
				LOCALIZATION_PREFERS_STRING_CATALOGS = YES;
				MACOSX_DEPLOYMENT_TARGET = 15.5;
				MTL_ENABLE_DEBUG_INFO = NO;
				MTL_FAST_MATH = YES;
				SDKROOT = macosx;
				SWIFT_COMPILATION_MODE = wholemodule;
			};
			name = Release;
		};
		268892002E2995A20060A32E /* Debug */ = {
			isa = XCBuildConfiguration;
			buildSettings = {
				ASSETCATALOG_COMPILER_APPICON_NAME = AppIcon;
				ASSETCATALOG_COMPILER_GLOBAL_ACCENT_COLOR_NAME = AccentColor;
				CODE_SIGN_ENTITLEMENTS = "Code Captain/Code_Captain.entitlements";
				CODE_SIGN_STYLE = Automatic;
				COMBINE_HIDPI_IMAGES = YES;
				CURRENT_PROJECT_VERSION = 1;
				DEVELOPMENT_TEAM = 5DL44U5BHU;
				ENABLE_HARDENED_RUNTIME = YES;
				ENABLE_PREVIEWS = YES;
				GENERATE_INFOPLIST_FILE = YES;
				INFOPLIST_KEY_NSHumanReadableCopyright = "";
				LD_RUNPATH_SEARCH_PATHS = (
					"$(inherited)",
					"@executable_path/../Frameworks",
				);
				MARKETING_VERSION = 1.0;
				PRODUCT_BUNDLE_IDENTIFIER = "studio.overclock.Code-Captain";
				PRODUCT_NAME = "$(TARGET_NAME)";
				REGISTER_APP_GROUPS = YES;
				SWIFT_EMIT_LOC_STRINGS = YES;
				SWIFT_VERSION = 5.0;
			};
			name = Debug;
		};
		268892012E2995A20060A32E /* Release */ = {
			isa = XCBuildConfiguration;
			buildSettings = {
				ASSETCATALOG_COMPILER_APPICON_NAME = AppIcon;
				ASSETCATALOG_COMPILER_GLOBAL_ACCENT_COLOR_NAME = AccentColor;
				CODE_SIGN_ENTITLEMENTS = "Code Captain/Code_Captain.entitlements";
				CODE_SIGN_STYLE = Automatic;
				COMBINE_HIDPI_IMAGES = YES;
				CURRENT_PROJECT_VERSION = 1;
				DEVELOPMENT_TEAM = 5DL44U5BHU;
				ENABLE_HARDENED_RUNTIME = YES;
				ENABLE_PREVIEWS = YES;
				GENERATE_INFOPLIST_FILE = YES;
				INFOPLIST_KEY_NSHumanReadableCopyright = "";
				LD_RUNPATH_SEARCH_PATHS = (
					"$(inherited)",
					"@executable_path/../Frameworks",
				);
				MARKETING_VERSION = 1.0;
				PRODUCT_BUNDLE_IDENTIFIER = "studio.overclock.Code-Captain";
				PRODUCT_NAME = "$(TARGET_NAME)";
				REGISTER_APP_GROUPS = YES;
				SWIFT_EMIT_LOC_STRINGS = YES;
				SWIFT_VERSION = 5.0;
			};
			name = Release;
		};
		268892032E2995A20060A32E /* Debug */ = {
			isa = XCBuildConfiguration;
			buildSettings = {
				BUNDLE_LOADER = "$(TEST_HOST)";
				CODE_SIGN_STYLE = Automatic;
				CURRENT_PROJECT_VERSION = 1;
				DEVELOPMENT_TEAM = 5DL44U5BHU;
				GENERATE_INFOPLIST_FILE = YES;
				MACOSX_DEPLOYMENT_TARGET = 15.5;
				MARKETING_VERSION = 1.0;
				PRODUCT_BUNDLE_IDENTIFIER = "studio.overclock.Code-CaptainTests";
				PRODUCT_NAME = "$(TARGET_NAME)";
				SWIFT_EMIT_LOC_STRINGS = NO;
				SWIFT_VERSION = 5.0;
				TEST_HOST = "$(BUILT_PRODUCTS_DIR)/Code Captain.app/$(BUNDLE_EXECUTABLE_FOLDER_PATH)/Code Captain";
			};
			name = Debug;
		};
		268892042E2995A20060A32E /* Release */ = {
			isa = XCBuildConfiguration;
			buildSettings = {
				BUNDLE_LOADER = "$(TEST_HOST)";
				CODE_SIGN_STYLE = Automatic;
				CURRENT_PROJECT_VERSION = 1;
				DEVELOPMENT_TEAM = 5DL44U5BHU;
				GENERATE_INFOPLIST_FILE = YES;
				MACOSX_DEPLOYMENT_TARGET = 15.5;
				MARKETING_VERSION = 1.0;
				PRODUCT_BUNDLE_IDENTIFIER = "studio.overclock.Code-CaptainTests";
				PRODUCT_NAME = "$(TARGET_NAME)";
				SWIFT_EMIT_LOC_STRINGS = NO;
				SWIFT_VERSION = 5.0;
				TEST_HOST = "$(BUILT_PRODUCTS_DIR)/Code Captain.app/$(BUNDLE_EXECUTABLE_FOLDER_PATH)/Code Captain";
			};
			name = Release;
		};
		268892062E2995A20060A32E /* Debug */ = {
			isa = XCBuildConfiguration;
			buildSettings = {
				CODE_SIGN_STYLE = Automatic;
				CURRENT_PROJECT_VERSION = 1;
				DEVELOPMENT_TEAM = 5DL44U5BHU;
				GENERATE_INFOPLIST_FILE = YES;
				MARKETING_VERSION = 1.0;
				PRODUCT_BUNDLE_IDENTIFIER = "studio.overclock.Code-CaptainUITests";
				PRODUCT_NAME = "$(TARGET_NAME)";
				SWIFT_EMIT_LOC_STRINGS = NO;
				SWIFT_VERSION = 5.0;
				TEST_TARGET_NAME = "Code Captain";
			};
			name = Debug;
		};
		268892072E2995A20060A32E /* Release */ = {
			isa = XCBuildConfiguration;
			buildSettings = {
				CODE_SIGN_STYLE = Automatic;
				CURRENT_PROJECT_VERSION = 1;
				DEVELOPMENT_TEAM = 5DL44U5BHU;
				GENERATE_INFOPLIST_FILE = YES;
				MARKETING_VERSION = 1.0;
				PRODUCT_BUNDLE_IDENTIFIER = "studio.overclock.Code-CaptainUITests";
				PRODUCT_NAME = "$(TARGET_NAME)";
				SWIFT_EMIT_LOC_STRINGS = NO;
				SWIFT_VERSION = 5.0;
				TEST_TARGET_NAME = "Code Captain";
			};
			name = Release;
		};
/* End XCBuildConfiguration section */

/* Begin XCConfigurationList section */
		268891D82E2995A10060A32E /* Build configuration list for PBXProject "Code Captain" */ = {
			isa = XCConfigurationList;
			buildConfigurations = (
				268891FD2E2995A20060A32E /* Debug */,
				268891FE2E2995A20060A32E /* Release */,
			);
			defaultConfigurationIsVisible = 0;
			defaultConfigurationName = Release;
		};
		268891FF2E2995A20060A32E /* Build configuration list for PBXNativeTarget "Code Captain" */ = {
			isa = XCConfigurationList;
			buildConfigurations = (
				268892002E2995A20060A32E /* Debug */,
				268892012E2995A20060A32E /* Release */,
			);
			defaultConfigurationIsVisible = 0;
			defaultConfigurationName = Release;
		};
		268892022E2995A20060A32E /* Build configuration list for PBXNativeTarget "Code CaptainTests" */ = {
			isa = XCConfigurationList;
			buildConfigurations = (
				268892032E2995A20060A32E /* Debug */,
				268892042E2995A20060A32E /* Release */,
			);
			defaultConfigurationIsVisible = 0;
			defaultConfigurationName = Release;
		};
		268892052E2995A20060A32E /* Build configuration list for PBXNativeTarget "Code CaptainUITests" */ = {
			isa = XCConfigurationList;
			buildConfigurations = (
				268892062E2995A20060A32E /* Debug */,
				268892072E2995A20060A32E /* Release */,
			);
			defaultConfigurationIsVisible = 0;
			defaultConfigurationName = Release;
		};
/* End XCConfigurationList section */
	};
	rootObject = 268891D52E2995A10060A32E /* Project object */;
}
